
Microsoft Visual Studio Solution File, Format Version 12.00
# Visual Studio Version 17
VisualStudioVersion = 17.8.34511.84
MinimumVisualStudioVersion = 10.0.40219.1
Project("{FAE04EC0-301F-11D3-BF4B-00C04F79EFBC}") = "InteractiveTextBlockSample", "InteractiveTextBlockSample\InteractiveTextBlockSample.csproj", "{3AE8294C-997E-4A54-AFB4-EE23FA267501}"
EndProject
Project("{FAE04EC0-301F-11D3-BF4B-00C04F79EFBC}") = "Huyn.InteractiveText", "Huyn.InteractiveText\Huyn.InteractiveText.csproj", "{9B4649D8-B250-430E-859E-8398AF705CB7}"
EndProject
Project("{FAE04EC0-301F-11D3-BF4B-00C04F79EFBC}") = "Huyn.InteractiveText.WASDK", "Huyn.InteractiveText.WASDK\Huyn.InteractiveText.WASDK.csproj", "{2DEF0695-CF55-4319-9658-A8079901DD56}"
EndProject
Project("{2150E333-8FDC-42A3-9474-1A3956D46DE8}") = "UWP", "UWP", "{69CCD42D-BED1-45F8-9381-AA098F84B395}"
EndProject
Project("{2150E333-8FDC-42A3-9474-1A3956D46DE8}") = "WASDK", "WASDK", "{0ACCE580-6941-4987-AC33-AB8408C4E968}"
EndProject
Project("{FAE04EC0-301F-11D3-BF4B-00C04F79EFBC}") = "InteractiveTextBlockSample.WASDK", "InteractiveTextBlockSample.WASDK\InteractiveTextBlockSample.WASDK.csproj", "{54EBA444-ADAF-4F05-A558-61E6BA4F2A04}"
EndProject
Global
	GlobalSection(SolutionConfigurationPlatforms) = preSolution
		Debug|Any CPU = Debug|Any CPU
		Debug|ARM = Debug|ARM
		Debug|ARM64 = Debug|ARM64
		Debug|x64 = Debug|x64
		Debug|x86 = Debug|x86
		Release|Any CPU = Release|Any CPU
		Release|ARM = Release|ARM
		Release|ARM64 = Release|ARM64
		Release|x64 = Release|x64
		Release|x86 = Release|x86
	EndGlobalSection
	GlobalSection(ProjectConfigurationPlatforms) = postSolution
		{3AE8294C-997E-4A54-AFB4-EE23FA267501}.Debug|Any CPU.ActiveCfg = Debug|x86
		{3AE8294C-997E-4A54-AFB4-EE23FA267501}.Debug|ARM.ActiveCfg = Debug|ARM
		{3AE8294C-997E-4A54-AFB4-EE23FA267501}.Debug|ARM.Build.0 = Debug|ARM
		{3AE8294C-997E-4A54-AFB4-EE23FA267501}.Debug|ARM.Deploy.0 = Debug|ARM
		{3AE8294C-997E-4A54-AFB4-EE23FA267501}.Debug|ARM64.ActiveCfg = Debug|x64
		{3AE8294C-997E-4A54-AFB4-EE23FA267501}.Debug|ARM64.Build.0 = Debug|x64
		{3AE8294C-997E-4A54-AFB4-EE23FA267501}.Debug|ARM64.Deploy.0 = Debug|x64
		{3AE8294C-997E-4A54-AFB4-EE23FA267501}.Debug|x64.ActiveCfg = Debug|x64
		{3AE8294C-997E-4A54-AFB4-EE23FA267501}.Debug|x64.Build.0 = Debug|x64
		{3AE8294C-997E-4A54-AFB4-EE23FA267501}.Debug|x64.Deploy.0 = Debug|x64
		{3AE8294C-997E-4A54-AFB4-EE23FA267501}.Debug|x86.ActiveCfg = Debug|x86
		{3AE8294C-997E-4A54-AFB4-EE23FA267501}.Debug|x86.Build.0 = Debug|x86
		{3AE8294C-997E-4A54-AFB4-EE23FA267501}.Debug|x86.Deploy.0 = Debug|x86
		{3AE8294C-997E-4A54-AFB4-EE23FA267501}.Release|Any CPU.ActiveCfg = Release|x86
		{3AE8294C-997E-4A54-AFB4-EE23FA267501}.Release|ARM.ActiveCfg = Release|ARM
		{3AE8294C-997E-4A54-AFB4-EE23FA267501}.Release|ARM.Build.0 = Release|ARM
		{3AE8294C-997E-4A54-AFB4-EE23FA267501}.Release|ARM.Deploy.0 = Release|ARM
		{3AE8294C-997E-4A54-AFB4-EE23FA267501}.Release|ARM64.ActiveCfg = Release|x64
		{3AE8294C-997E-4A54-AFB4-EE23FA267501}.Release|ARM64.Build.0 = Release|x64
		{3AE8294C-997E-4A54-AFB4-EE23FA267501}.Release|ARM64.Deploy.0 = Release|x64
		{3AE8294C-997E-4A54-AFB4-EE23FA267501}.Release|x64.ActiveCfg = Release|x64
		{3AE8294C-997E-4A54-AFB4-EE23FA267501}.Release|x64.Build.0 = Release|x64
		{3AE8294C-997E-4A54-AFB4-EE23FA267501}.Release|x64.Deploy.0 = Release|x64
		{3AE8294C-997E-4A54-AFB4-EE23FA267501}.Release|x86.ActiveCfg = Release|x86
		{3AE8294C-997E-4A54-AFB4-EE23FA267501}.Release|x86.Build.0 = Release|x86
		{3AE8294C-997E-4A54-AFB4-EE23FA267501}.Release|x86.Deploy.0 = Release|x86
		{9B4649D8-B250-430E-859E-8398AF705CB7}.Debug|Any CPU.ActiveCfg = Debug|Any CPU
		{9B4649D8-B250-430E-859E-8398AF705CB7}.Debug|Any CPU.Build.0 = Debug|Any CPU
		{9B4649D8-B250-430E-859E-8398AF705CB7}.Debug|ARM.ActiveCfg = Debug|ARM
		{9B4649D8-B250-430E-859E-8398AF705CB7}.Debug|ARM.Build.0 = Debug|ARM
		{9B4649D8-B250-430E-859E-8398AF705CB7}.Debug|ARM64.ActiveCfg = Debug|Any CPU
		{9B4649D8-B250-430E-859E-8398AF705CB7}.Debug|ARM64.Build.0 = Debug|Any CPU
		{9B4649D8-B250-430E-859E-8398AF705CB7}.Debug|x64.ActiveCfg = Debug|x64
		{9B4649D8-B250-430E-859E-8398AF705CB7}.Debug|x64.Build.0 = Debug|x64
		{9B4649D8-B250-430E-859E-8398AF705CB7}.Debug|x86.ActiveCfg = Debug|x86
		{9B4649D8-B250-430E-859E-8398AF705CB7}.Debug|x86.Build.0 = Debug|x86
		{9B4649D8-B250-430E-859E-8398AF705CB7}.Release|Any CPU.ActiveCfg = Release|Any CPU
		{9B4649D8-B250-430E-859E-8398AF705CB7}.Release|Any CPU.Build.0 = Release|Any CPU
		{9B4649D8-B250-430E-859E-8398AF705CB7}.Release|ARM.ActiveCfg = Release|ARM
		{9B4649D8-B250-430E-859E-8398AF705CB7}.Release|ARM.Build.0 = Release|ARM
		{9B4649D8-B250-430E-859E-8398AF705CB7}.Release|ARM64.ActiveCfg = Release|Any CPU
		{9B4649D8-B250-430E-859E-8398AF705CB7}.Release|ARM64.Build.0 = Release|Any CPU
		{9B4649D8-B250-430E-859E-8398AF705CB7}.Release|x64.ActiveCfg = Release|x64
		{9B4649D8-B250-430E-859E-8398AF705CB7}.Release|x64.Build.0 = Release|x64
		{9B4649D8-B250-430E-859E-8398AF705CB7}.Release|x86.ActiveCfg = Release|x86
		{9B4649D8-B250-430E-859E-8398AF705CB7}.Release|x86.Build.0 = Release|x86
		{2DEF0695-CF55-4319-9658-A8079901DD56}.Debug|Any CPU.ActiveCfg = Debug|Any CPU
		{2DEF0695-CF55-4319-9658-A8079901DD56}.Debug|Any CPU.Build.0 = Debug|Any CPU
		{2DEF0695-CF55-4319-9658-A8079901DD56}.Debug|ARM.ActiveCfg = Debug|Any CPU
		{2DEF0695-CF55-4319-9658-A8079901DD56}.Debug|ARM.Build.0 = Debug|Any CPU
		{2DEF0695-CF55-4319-9658-A8079901DD56}.Debug|ARM64.ActiveCfg = Debug|Any CPU
		{2DEF0695-CF55-4319-9658-A8079901DD56}.Debug|ARM64.Build.0 = Debug|Any CPU
		{2DEF0695-CF55-4319-9658-A8079901DD56}.Debug|x64.ActiveCfg = Debug|x64
		{2DEF0695-CF55-4319-9658-A8079901DD56}.Debug|x64.Build.0 = Debug|x64
		{2DEF0695-CF55-4319-9658-A8079901DD56}.Debug|x86.ActiveCfg = Debug|Any CPU
		{2DEF0695-CF55-4319-9658-A8079901DD56}.Debug|x86.Build.0 = Debug|Any CPU
		{2DEF0695-CF55-4319-9658-A8079901DD56}.Release|Any CPU.ActiveCfg = Release|Any CPU
		{2DEF0695-CF55-4319-9658-A8079901DD56}.Release|Any CPU.Build.0 = Release|Any CPU
		{2DEF0695-CF55-4319-9658-A8079901DD56}.Release|ARM.ActiveCfg = Release|Any CPU
		{2DEF0695-CF55-4319-9658-A8079901DD56}.Release|ARM.Build.0 = Release|Any CPU
		{2DEF0695-CF55-4319-9658-A8079901DD56}.Release|ARM64.ActiveCfg = Release|Any CPU
		{2DEF0695-CF55-4319-9658-A8079901DD56}.Release|ARM64.Build.0 = Release|Any CPU
		{2DEF0695-CF55-4319-9658-A8079901DD56}.Release|x64.ActiveCfg = Release|Any CPU
		{2DEF0695-CF55-4319-9658-A8079901DD56}.Release|x64.Build.0 = Release|Any CPU
		{2DEF0695-CF55-4319-9658-A8079901DD56}.Release|x86.ActiveCfg = Release|Any CPU
		{2DEF0695-CF55-4319-9658-A8079901DD56}.Release|x86.Build.0 = Release|Any CPU
		{54EBA444-ADAF-4F05-A558-61E6BA4F2A04}.Debug|Any CPU.ActiveCfg = Debug|x64
		{54EBA444-ADAF-4F05-A558-61E6BA4F2A04}.Debug|Any CPU.Build.0 = Debug|x64
		{54EBA444-ADAF-4F05-A558-61E6BA4F2A04}.Debug|Any CPU.Deploy.0 = Debug|x64
		{54EBA444-ADAF-4F05-A558-61E6BA4F2A04}.Debug|ARM.ActiveCfg = Debug|x64
		{54EBA444-ADAF-4F05-A558-61E6BA4F2A04}.Debug|ARM.Build.0 = Debug|x64
		{54EBA444-ADAF-4F05-A558-61E6BA4F2A04}.Debug|ARM.Deploy.0 = Debug|x64
		{54EBA444-ADAF-4F05-A558-61E6BA4F2A04}.Debug|ARM64.ActiveCfg = Debug|ARM64
		{54EBA444-ADAF-4F05-A558-61E6BA4F2A04}.Debug|ARM64.Build.0 = Debug|ARM64
		{54EBA444-ADAF-4F05-A558-61E6BA4F2A04}.Debug|ARM64.Deploy.0 = Debug|ARM64
		{54EBA444-ADAF-4F05-A558-61E6BA4F2A04}.Debug|x64.ActiveCfg = Debug|x64
		{54EBA444-ADAF-4F05-A558-61E6BA4F2A04}.Debug|x64.Build.0 = Debug|x64
		{54EBA444-ADAF-4F05-A558-61E6BA4F2A04}.Debug|x64.Deploy.0 = Debug|x64
		{54EBA444-ADAF-4F05-A558-61E6BA4F2A04}.Debug|x86.ActiveCfg = Debug|x86
		{54EBA444-ADAF-4F05-A558-61E6BA4F2A04}.Debug|x86.Build.0 = Debug|x86
		{54EBA444-ADAF-4F05-A558-61E6BA4F2A04}.Debug|x86.Deploy.0 = Debug|x86
		{54EBA444-ADAF-4F05-A558-61E6BA4F2A04}.Release|Any CPU.ActiveCfg = Release|x64
		{54EBA444-ADAF-4F05-A558-61E6BA4F2A04}.Release|Any CPU.Build.0 = Release|x64
		{54EBA444-ADAF-4F05-A558-61E6BA4F2A04}.Release|Any CPU.Deploy.0 = Release|x64
		{54EBA444-ADAF-4F05-A558-61E6BA4F2A04}.Release|ARM.ActiveCfg = Release|x64
		{54EBA444-ADAF-4F05-A558-61E6BA4F2A04}.Release|ARM.Build.0 = Release|x64
		{54EBA444-ADAF-4F05-A558-61E6BA4F2A04}.Release|ARM.Deploy.0 = Release|x64
		{54EBA444-ADAF-4F05-A558-61E6BA4F2A04}.Release|ARM64.ActiveCfg = Release|ARM64
		{54EBA444-ADAF-4F05-A558-61E6BA4F2A04}.Release|ARM64.Build.0 = Release|ARM64
		{54EBA444-ADAF-4F05-A558-61E6BA4F2A04}.Release|ARM64.Deploy.0 = Release|ARM64
		{54EBA444-ADAF-4F05-A558-61E6BA4F2A04}.Release|x64.ActiveCfg = Release|x64
		{54EBA444-ADAF-4F05-A558-61E6BA4F2A04}.Release|x64.Build.0 = Release|x64
		{54EBA444-ADAF-4F05-A558-61E6BA4F2A04}.Release|x64.Deploy.0 = Release|x64
		{54EBA444-ADAF-4F05-A558-61E6BA4F2A04}.Release|x86.ActiveCfg = Release|x86
		{54EBA444-ADAF-4F05-A558-61E6BA4F2A04}.Release|x86.Build.0 = Release|x86
		{54EBA444-ADAF-4F05-A558-61E6BA4F2A04}.Release|x86.Deploy.0 = Release|x86
	EndGlobalSection
	GlobalSection(SolutionProperties) = preSolution
		HideSolutionNode = FALSE
	EndGlobalSection
	GlobalSection(NestedProjects) = preSolution
		{3AE8294C-997E-4A54-AFB4-EE23FA267501} = {69CCD42D-BED1-45F8-9381-AA098F84B395}
		{9B4649D8-B250-430E-859E-8398AF705CB7} = {69CCD42D-BED1-45F8-9381-AA098F84B395}
		{2DEF0695-CF55-4319-9658-A8079901DD56} = {0ACCE580-6941-4987-AC33-AB8408C4E968}
		{54EBA444-ADAF-4F05-A558-61E6BA4F2A04} = {0ACCE580-6941-4987-AC33-AB8408C4E968}
	EndGlobalSection
	GlobalSection(ExtensibilityGlobals) = postSolution
		SolutionGuid = {1CE37F51-9E42-423B-ABB7-75A092E5977D}
	EndGlobalSection
EndGlobal
